
Microsoft Visual Studio Solution File, Format Version 12.00
# Visual Studio Version 16
VisualStudioVersion = 16.0.28803.156
MinimumVisualStudioVersion = 10.0.40219.1
Project("{9A19103F-16F7-4668-BE54-9A1E7A4F7556}") = "Quick.Protocol", "Quick.Protocol\Quick.Protocol.csproj", "{6619CA9C-B91C-4343-AA7D-4EFE91BEC57E}"
EndProject
Project("{9A19103F-16F7-4668-BE54-9A1E7A4F7556}") = "Quick.Protocol.Tcp", "Quick.Protocol.Tcp\Quick.Protocol.Tcp.csproj", "{D664193E-A22D-4CF6-A43E-635DBA1CFE81}"
EndProject
Project("{2150E333-8FDC-42A3-9474-1A3956D46DE8}") = "Test", "Test", "{4D8B91B9-A589-478E-B579-185AE878E575}"
EndProject
Project("{2150E333-8FDC-42A3-9474-1A3956D46DE8}") = "Tcp", "Tcp", "{73B65686-9267-4700-8103-B9253E63313A}"
EndProject
Project("{2150E333-8FDC-42A3-9474-1A3956D46DE8}") = "Pipeline", "Pipeline", "{A1E3CB19-806D-41DF-B69C-60684B5442FD}"
EndProject
Project("{9A19103F-16F7-4668-BE54-9A1E7A4F7556}") = "Quick.Protocol.Pipeline", "Quick.Protocol.Pipeline\Quick.Protocol.Pipeline.csproj", "{B0BAC93B-DE2E-47EC-BEEA-604AD1AC7621}"
EndProject
Project("{9A19103F-16F7-4668-BE54-9A1E7A4F7556}") = "PipelineServer", "Test\Pipeline\PipelineServer\PipelineServer.csproj", "{731BE575-F97E-4326-8F97-61791F548C2B}"
EndProject
Project("{9A19103F-16F7-4668-BE54-9A1E7A4F7556}") = "PipelineClient", "Test\Pipeline\PipelineClient\PipelineClient.csproj", "{CB49EFEF-1545-42D1-9F24-1BB53872BD6F}"
EndProject
Project("{9A19103F-16F7-4668-BE54-9A1E7A4F7556}") = "TcpServer", "Test\Tcp\TcpServer\TcpServer.csproj", "{72597688-2D08-4247-B129-385605A19E26}"
EndProject
Project("{9A19103F-16F7-4668-BE54-9A1E7A4F7556}") = "TcpClient", "Test\Tcp\TcpClient\TcpClient.csproj", "{D4C20C80-5392-4FAC-9C6F-890495F97DBE}"
EndProject
Project("{9A19103F-16F7-4668-BE54-9A1E7A4F7556}") = "Quick.Protocol.SerialPort", "Quick.Protocol.SerialPort\Quick.Protocol.SerialPort.csproj", "{2FF529DD-E1AD-4C72-8230-1AB8C1392AC9}"
EndProject
Project("{2150E333-8FDC-42A3-9474-1A3956D46DE8}") = "SerialPort", "SerialPort", "{6EE0A7C9-1DF1-4499-975D-6276BEC3DFC3}"
EndProject
Project("{9A19103F-16F7-4668-BE54-9A1E7A4F7556}") = "SerialPortServer", "Test\SerialPort\SerialPortServer\SerialPortServer.csproj", "{2D62DE50-0210-4B3F-8970-862F2866223E}"
EndProject
Project("{9A19103F-16F7-4668-BE54-9A1E7A4F7556}") = "SerialPortClient", "Test\SerialPort\SerialPortClient\SerialPortClient.csproj", "{73C50152-A625-4106-8CAF-472D6FA64CD1}"
EndProject
Project("{2150E333-8FDC-42A3-9474-1A3956D46DE8}") = "WebSocket", "WebSocket", "{434DDF1C-3D83-4B5B-856D-5608C40B58DA}"
EndProject
Project("{9A19103F-16F7-4668-BE54-9A1E7A4F7556}") = "WebSocketServer", "Test\WebSocket\WebSocketServer\WebSocketServer.csproj", "{030E8BCD-006C-4462-B2C4-7CFBBB964A8C}"
EndProject
Project("{9A19103F-16F7-4668-BE54-9A1E7A4F7556}") = "WebSocketClient", "Test\WebSocket\WebSocketClient\WebSocketClient.csproj", "{FCAFBAC5-6C59-47EE-8200-615C967C0475}"
EndProject
Project("{FAE04EC0-301F-11D3-BF4B-00C04F79EFBC}") = "Quick.Protocol.WebSocket.Client", "Quick.Protocol.WebSocket.Client\Quick.Protocol.WebSocket.Client.csproj", "{3F8A2D9A-B8FA-46DD-8536-D659A5C96B47}"
EndProject
Project("{FAE04EC0-301F-11D3-BF4B-00C04F79EFBC}") = "Quick.Protocol.WebSocket.Server.Fleck", "Quick.Protocol.WebSocket.Server.Fleck\Quick.Protocol.WebSocket.Server.Fleck.csproj", "{39620DE2-79B8-4A34-8A6C-73067385B6F6}"
EndProject
Project("{FAE04EC0-301F-11D3-BF4B-00C04F79EFBC}") = "Quick.Protocol.WebSocket.Server.AspNetCore", "Quick.Protocol.WebSocket.Server.AspNetCore\Quick.Protocol.WebSocket.Server.AspNetCore.csproj", "{87E8FE3B-18F2-4CF1-8642-BE3158C30734}"
EndProject
Global
	GlobalSection(SolutionConfigurationPlatforms) = preSolution
		Debug|Any CPU = Debug|Any CPU
		Release|Any CPU = Release|Any CPU
	EndGlobalSection
	GlobalSection(ProjectConfigurationPlatforms) = postSolution
		{6619CA9C-B91C-4343-AA7D-4EFE91BEC57E}.Debug|Any CPU.ActiveCfg = Debug|Any CPU
		{6619CA9C-B91C-4343-AA7D-4EFE91BEC57E}.Debug|Any CPU.Build.0 = Debug|Any CPU
		{6619CA9C-B91C-4343-AA7D-4EFE91BEC57E}.Release|Any CPU.ActiveCfg = Release|Any CPU
		{6619CA9C-B91C-4343-AA7D-4EFE91BEC57E}.Release|Any CPU.Build.0 = Release|Any CPU
		{D664193E-A22D-4CF6-A43E-635DBA1CFE81}.Debug|Any CPU.ActiveCfg = Debug|Any CPU
		{D664193E-A22D-4CF6-A43E-635DBA1CFE81}.Debug|Any CPU.Build.0 = Debug|Any CPU
		{D664193E-A22D-4CF6-A43E-635DBA1CFE81}.Release|Any CPU.ActiveCfg = Release|Any CPU
		{D664193E-A22D-4CF6-A43E-635DBA1CFE81}.Release|Any CPU.Build.0 = Release|Any CPU
		{B0BAC93B-DE2E-47EC-BEEA-604AD1AC7621}.Debug|Any CPU.ActiveCfg = Debug|Any CPU
		{B0BAC93B-DE2E-47EC-BEEA-604AD1AC7621}.Debug|Any CPU.Build.0 = Debug|Any CPU
		{B0BAC93B-DE2E-47EC-BEEA-604AD1AC7621}.Release|Any CPU.ActiveCfg = Release|Any CPU
		{B0BAC93B-DE2E-47EC-BEEA-604AD1AC7621}.Release|Any CPU.Build.0 = Release|Any CPU
		{731BE575-F97E-4326-8F97-61791F548C2B}.Debug|Any CPU.ActiveCfg = Debug|Any CPU
		{731BE575-F97E-4326-8F97-61791F548C2B}.Debug|Any CPU.Build.0 = Debug|Any CPU
		{731BE575-F97E-4326-8F97-61791F548C2B}.Release|Any CPU.ActiveCfg = Release|Any CPU
		{731BE575-F97E-4326-8F97-61791F548C2B}.Release|Any CPU.Build.0 = Release|Any CPU
		{CB49EFEF-1545-42D1-9F24-1BB53872BD6F}.Debug|Any CPU.ActiveCfg = Debug|Any CPU
		{CB49EFEF-1545-42D1-9F24-1BB53872BD6F}.Debug|Any CPU.Build.0 = Debug|Any CPU
		{CB49EFEF-1545-42D1-9F24-1BB53872BD6F}.Release|Any CPU.ActiveCfg = Release|Any CPU
		{CB49EFEF-1545-42D1-9F24-1BB53872BD6F}.Release|Any CPU.Build.0 = Release|Any CPU
		{72597688-2D08-4247-B129-385605A19E26}.Debug|Any CPU.ActiveCfg = Debug|Any CPU
		{72597688-2D08-4247-B129-385605A19E26}.Debug|Any CPU.Build.0 = Debug|Any CPU
		{72597688-2D08-4247-B129-385605A19E26}.Release|Any CPU.ActiveCfg = Release|Any CPU
		{72597688-2D08-4247-B129-385605A19E26}.Release|Any CPU.Build.0 = Release|Any CPU
		{D4C20C80-5392-4FAC-9C6F-890495F97DBE}.Debug|Any CPU.ActiveCfg = Debug|Any CPU
		{D4C20C80-5392-4FAC-9C6F-890495F97DBE}.Debug|Any CPU.Build.0 = Debug|Any CPU
		{D4C20C80-5392-4FAC-9C6F-890495F97DBE}.Release|Any CPU.ActiveCfg = Release|Any CPU
		{D4C20C80-5392-4FAC-9C6F-890495F97DBE}.Release|Any CPU.Build.0 = Release|Any CPU
		{2FF529DD-E1AD-4C72-8230-1AB8C1392AC9}.Debug|Any CPU.ActiveCfg = Debug|Any CPU
		{2FF529DD-E1AD-4C72-8230-1AB8C1392AC9}.Debug|Any CPU.Build.0 = Debug|Any CPU
		{2FF529DD-E1AD-4C72-8230-1AB8C1392AC9}.Release|Any CPU.ActiveCfg = Release|Any CPU
		{2FF529DD-E1AD-4C72-8230-1AB8C1392AC9}.Release|Any CPU.Build.0 = Release|Any CPU
		{2D62DE50-0210-4B3F-8970-862F2866223E}.Debug|Any CPU.ActiveCfg = Debug|Any CPU
		{2D62DE50-0210-4B3F-8970-862F2866223E}.Debug|Any CPU.Build.0 = Debug|Any CPU
		{2D62DE50-0210-4B3F-8970-862F2866223E}.Release|Any CPU.ActiveCfg = Release|Any CPU
		{2D62DE50-0210-4B3F-8970-862F2866223E}.Release|Any CPU.Build.0 = Release|Any CPU
		{73C50152-A625-4106-8CAF-472D6FA64CD1}.Debug|Any CPU.ActiveCfg = Debug|Any CPU
		{73C50152-A625-4106-8CAF-472D6FA64CD1}.Debug|Any CPU.Build.0 = Debug|Any CPU
		{73C50152-A625-4106-8CAF-472D6FA64CD1}.Release|Any CPU.ActiveCfg = Release|Any CPU
		{73C50152-A625-4106-8CAF-472D6FA64CD1}.Release|Any CPU.Build.0 = Release|Any CPU
		{030E8BCD-006C-4462-B2C4-7CFBBB964A8C}.Debug|Any CPU.ActiveCfg = Debug|Any CPU
		{030E8BCD-006C-4462-B2C4-7CFBBB964A8C}.Debug|Any CPU.Build.0 = Debug|Any CPU
		{030E8BCD-006C-4462-B2C4-7CFBBB964A8C}.Release|Any CPU.ActiveCfg = Release|Any CPU
		{030E8BCD-006C-4462-B2C4-7CFBBB964A8C}.Release|Any CPU.Build.0 = Release|Any CPU
		{FCAFBAC5-6C59-47EE-8200-615C967C0475}.Debug|Any CPU.ActiveCfg = Debug|Any CPU
		{FCAFBAC5-6C59-47EE-8200-615C967C0475}.Debug|Any CPU.Build.0 = Debug|Any CPU
		{FCAFBAC5-6C59-47EE-8200-615C967C0475}.Release|Any CPU.ActiveCfg = Release|Any CPU
		{FCAFBAC5-6C59-47EE-8200-615C967C0475}.Release|Any CPU.Build.0 = Release|Any CPU
		{3F8A2D9A-B8FA-46DD-8536-D659A5C96B47}.Debug|Any CPU.ActiveCfg = Debug|Any CPU
		{3F8A2D9A-B8FA-46DD-8536-D659A5C96B47}.Debug|Any CPU.Build.0 = Debug|Any CPU
		{3F8A2D9A-B8FA-46DD-8536-D659A5C96B47}.Release|Any CPU.ActiveCfg = Release|Any CPU
		{3F8A2D9A-B8FA-46DD-8536-D659A5C96B47}.Release|Any CPU.Build.0 = Release|Any CPU
		{39620DE2-79B8-4A34-8A6C-73067385B6F6}.Debug|Any CPU.ActiveCfg = Debug|Any CPU
		{39620DE2-79B8-4A34-8A6C-73067385B6F6}.Debug|Any CPU.Build.0 = Debug|Any CPU
		{39620DE2-79B8-4A34-8A6C-73067385B6F6}.Release|Any CPU.ActiveCfg = Release|Any CPU
		{39620DE2-79B8-4A34-8A6C-73067385B6F6}.Release|Any CPU.Build.0 = Release|Any CPU
		{87E8FE3B-18F2-4CF1-8642-BE3158C30734}.Debug|Any CPU.ActiveCfg = Debug|Any CPU
		{87E8FE3B-18F2-4CF1-8642-BE3158C30734}.Debug|Any CPU.Build.0 = Debug|Any CPU
		{87E8FE3B-18F2-4CF1-8642-BE3158C30734}.Release|Any CPU.ActiveCfg = Release|Any CPU
		{87E8FE3B-18F2-4CF1-8642-BE3158C30734}.Release|Any CPU.Build.0 = Release|Any CPU
	EndGlobalSection
	GlobalSection(SolutionProperties) = preSolution
		HideSolutionNode = FALSE
	EndGlobalSection
	GlobalSection(NestedProjects) = preSolution
		{73B65686-9267-4700-8103-B9253E63313A} = {4D8B91B9-A589-478E-B579-185AE878E575}
		{A1E3CB19-806D-41DF-B69C-60684B5442FD} = {4D8B91B9-A589-478E-B579-185AE878E575}
		{731BE575-F97E-4326-8F97-61791F548C2B} = {A1E3CB19-806D-41DF-B69C-60684B5442FD}
		{CB49EFEF-1545-42D1-9F24-1BB53872BD6F} = {A1E3CB19-806D-41DF-B69C-60684B5442FD}
		{72597688-2D08-4247-B129-385605A19E26} = {73B65686-9267-4700-8103-B9253E63313A}
		{D4C20C80-5392-4FAC-9C6F-890495F97DBE} = {73B65686-9267-4700-8103-B9253E63313A}
		{6EE0A7C9-1DF1-4499-975D-6276BEC3DFC3} = {4D8B91B9-A589-478E-B579-185AE878E575}
		{2D62DE50-0210-4B3F-8970-862F2866223E} = {6EE0A7C9-1DF1-4499-975D-6276BEC3DFC3}
		{73C50152-A625-4106-8CAF-472D6FA64CD1} = {6EE0A7C9-1DF1-4499-975D-6276BEC3DFC3}
		{434DDF1C-3D83-4B5B-856D-5608C40B58DA} = {4D8B91B9-A589-478E-B579-185AE878E575}
		{030E8BCD-006C-4462-B2C4-7CFBBB964A8C} = {434DDF1C-3D83-4B5B-856D-5608C40B58DA}
		{FCAFBAC5-6C59-47EE-8200-615C967C0475} = {434DDF1C-3D83-4B5B-856D-5608C40B58DA}
	EndGlobalSection
	GlobalSection(ExtensibilityGlobals) = postSolution
		SolutionGuid = {EBE52E31-F20D-4366-8517-584BCD5F79FF}
	EndGlobalSection
EndGlobal
